
Microsoft Visual Studio Solution File, Format Version 12.00
# Visual Studio Version 16
VisualStudioVersion = 16.0.33328.57
MinimumVisualStudioVersion = 10.0.40219.1
Project("{FAE04EC0-301F-11D3-BF4B-00C04F79EFBC}") = "Triangle", "Triangle.csproj", "{BE5D3B13-D3F6-4071-BF23-CEE7AD551214}"
EndProject
Global
	GlobalSection(SolutionConfigurationPlatforms) = preSolution
		Debug|Any CPU = Debug|Any CPU
		Release|Any CPU = Release|Any CPU
	EndGlobalSection
	GlobalSection(ProjectConfigurationPlatforms) = postSolution
		{BE5D3B13-D3F6-4071-BF23-CEE7AD551214}.Debug|Any CPU.ActiveCfg = Debug|Any CPU
		{BE5D3B13-D3F6-4071-BF23-CEE7AD551214}.Debug|Any CPU.Build.0 = Debug|Any CPU
		{BE5D3B13-D3F6-4071-BF23-CEE7AD551214}.Release|Any CPU.ActiveCfg = Release|Any CPU
		{BE5D3B13-D3F6-4071-BF23-CEE7AD551214}.Release|Any CPU.Build.0 = Release|Any CPU
	EndGlobalSection
	GlobalSection(SolutionProperties) = preSolution
		HideSolutionNode = FALSE
	EndGlobalSection
	GlobalSection(ExtensibilityGlobals) = postSolution
		SolutionGuid = {3EB601DA-3DE9-4E41-A607-DB1CF7826BBD}
	EndGlobalSection
EndGlobal
